// !$*UTF8*$!
{
	archiveVersion = 1;
	classes = {
	};
	objectVersion = 56;
	objects = {

/* Begin PBXBuildFile section */
		4AA127CC2A55513200F1BA31 /* OtpViewController.swift in Sources */ = {isa = PBXBuildFile; fileRef = 4AA127CB2A55513200F1BA31 /* OtpViewController.swift */; };
		4AA172B72A53F5C800C4834A /* SignUpViewController.swift in Sources */ = {isa = PBXBuildFile; fileRef = 4AA172B62A53F5C800C4834A /* SignUpViewController.swift */; };
		4AA172B92A53F81000C4834A /* CommonViewController.swift in Sources */ = {isa = PBXBuildFile; fileRef = 4AA172B82A53F81000C4834A /* CommonViewController.swift */; };
		4AA295682A4064BB0009198E /* LoginViewController.swift in Sources */ = {isa = PBXBuildFile; fileRef = 4AA295672A4064BB0009198E /* LoginViewController.swift */; };
		4AA5F6062A45AAC500006003 /* GoogleService-Info.plist in Resources */ = {isa = PBXBuildFile; fileRef = 4AA5F6052A45AAC500006003 /* GoogleService-Info.plist */; };
		4AA5F6082A45B21800006003 /* ChatViewController.swift in Sources */ = {isa = PBXBuildFile; fileRef = 4AA5F6072A45B21800006003 /* ChatViewController.swift */; };
		4AA5F60A2A45B25A00006003 /* BrowserViewController.swift in Sources */ = {isa = PBXBuildFile; fileRef = 4AA5F6092A45B25A00006003 /* BrowserViewController.swift */; };
		4AA5F60C2A45B27900006003 /* SecurityViewController.swift in Sources */ = {isa = PBXBuildFile; fileRef = 4AA5F60B2A45B27900006003 /* SecurityViewController.swift */; };
		4AA896D32A4AD49E00C32E13 /* CommonAlertVC.xib in Resources */ = {isa = PBXBuildFile; fileRef = 4AA896D22A4AD49E00C32E13 /* CommonAlertVC.xib */; };
		4AB036742A4C36E00086A1B8 /* User.xcdatamodeld in Sources */ = {isa = PBXBuildFile; fileRef = 4AB036722A4C36E00086A1B8 /* User.xcdatamodeld */; };
		4AB036762A4C53F40086A1B8 /* VendorsDetailsViewController.swift in Sources */ = {isa = PBXBuildFile; fileRef = 4AB036752A4C53F40086A1B8 /* VendorsDetailsViewController.swift */; };
		4AB2DFE52A4EF4630008D5AA /* Subscription.swift in Sources */ = {isa = PBXBuildFile; fileRef = 4AB2DFE42A4EF4630008D5AA /* Subscription.swift */; };
		63B013C42BD42510A40552D8 /* Pods_Framily_FramilyUITests.framework in Frameworks */ = {isa = PBXBuildFile; fileRef = 5650E6682D6D87BD20704750 /* Pods_Framily_FramilyUITests.framework */; };
		63BC570C77505D4D84A45D55 /* Pods_Framily.framework in Frameworks */ = {isa = PBXBuildFile; fileRef = 0FAAE01DAB8F3585163877D0 /* Pods_Framily.framework */; };
		D8022E042A557953009A879B /* EmailOTPViewController.swift in Sources */ = {isa = PBXBuildFile; fileRef = D8022E032A557953009A879B /* EmailOTPViewController.swift */; };
		D8022E062A557969009A879B /* ConfirmPasswordViewController.swift in Sources */ = {isa = PBXBuildFile; fileRef = D8022E052A557969009A879B /* ConfirmPasswordViewController.swift */; };
		D80531692A42DFE60080DC16 /* CommonAlertVC.swift in Sources */ = {isa = PBXBuildFile; fileRef = D80531672A42DFE60080DC16 /* CommonAlertVC.swift */; };
		D805316B2A42E0030080DC16 /* UIViewExtension.swift in Sources */ = {isa = PBXBuildFile; fileRef = D805316A2A42E0030080DC16 /* UIViewExtension.swift */; };
		D84FBC802A8E4F9D0019076A /* Dockerfile 6.22.08 PM in Resources */ = {isa = PBXBuildFile; fileRef = D84FBC7F2A8E4F9D0019076A /* Dockerfile 6.22.08 PM */; };
		D867B6CE2A8385BE006E3D2C /* HomeViewController.swift in Sources */ = {isa = PBXBuildFile; fileRef = D867B6CD2A8385BE006E3D2C /* HomeViewController.swift */; };
		D867B6D02A838614006E3D2C /* ManagementViewController.swift in Sources */ = {isa = PBXBuildFile; fileRef = D867B6CF2A838614006E3D2C /* ManagementViewController.swift */; };
		D867B6D22A83A1A4006E3D2C /* TabViewController.swift in Sources */ = {isa = PBXBuildFile; fileRef = D867B6D12A83A1A4006E3D2C /* TabViewController.swift */; };
		D867B6D42A83A5F5006E3D2C /* PurchaseManagementViewController.swift in Sources */ = {isa = PBXBuildFile; fileRef = D867B6D32A83A5F5006E3D2C /* PurchaseManagementViewController.swift */; };
		D867B6D72A83A61D006E3D2C /* PurchaseManagementTableViewCell.swift in Sources */ = {isa = PBXBuildFile; fileRef = D867B6D52A83A61D006E3D2C /* PurchaseManagementTableViewCell.swift */; };
		D867B6D82A83A61D006E3D2C /* PurchaseManagementTableViewCell.xib in Resources */ = {isa = PBXBuildFile; fileRef = D867B6D62A83A61D006E3D2C /* PurchaseManagementTableViewCell.xib */; };
		D867B6F22A83B827006E3D2C /* VendorManagementViewController.swift in Sources */ = {isa = PBXBuildFile; fileRef = D867B6F12A83B827006E3D2C /* VendorManagementViewController.swift */; };
		D867B6F52A83BA99006E3D2C /* VendorManagementTableViewCell.swift in Sources */ = {isa = PBXBuildFile; fileRef = D867B6F42A83BA99006E3D2C /* VendorManagementTableViewCell.swift */; };
		D867B6F72A83BD94006E3D2C /* VendorManagementTableViewCell.xib in Resources */ = {isa = PBXBuildFile; fileRef = D867B6F62A83BD94006E3D2C /* VendorManagementTableViewCell.xib */; };
		D867B6F92A83BDC4006E3D2C /* VendorProfileViewController.swift in Sources */ = {isa = PBXBuildFile; fileRef = D867B6F82A83BDC4006E3D2C /* VendorProfileViewController.swift */; };
		D883E05A2A98BC0900470618 /* OrganizationalDetailsViewController.swift in Sources */ = {isa = PBXBuildFile; fileRef = D883E0592A98BC0900470618 /* OrganizationalDetailsViewController.swift */; };
		D88845A42A5BE8C300219226 /* ForgetPasswordViewController.swift in Sources */ = {isa = PBXBuildFile; fileRef = D88845A32A5BE8C300219226 /* ForgetPasswordViewController.swift */; };
		D88845A62A5BEC0E00219226 /* ForgotPasswordOTPViewController.swift in Sources */ = {isa = PBXBuildFile; fileRef = D88845A52A5BEC0E00219226 /* ForgotPasswordOTPViewController.swift */; };
		D88845A82A5BEE2800219226 /* ForgotPassConfirmPasswordViewController.swift in Sources */ = {isa = PBXBuildFile; fileRef = D88845A72A5BEE2800219226 /* ForgotPassConfirmPasswordViewController.swift */; };
		D88845AB2A5C158D00219226 /* VKCheckbox.swift in Sources */ = {isa = PBXBuildFile; fileRef = D88845AA2A5C158D00219226 /* VKCheckbox.swift */; };
		D8A32ED52A41742D0070CF4A /* CameraViewController.swift in Sources */ = {isa = PBXBuildFile; fileRef = D8A32ECB2A41742D0070CF4A /* CameraViewController.swift */; };
		D8A32ED62A41742D0070CF4A /* VendorsListViewController.swift in Sources */ = {isa = PBXBuildFile; fileRef = D8A32ECC2A41742D0070CF4A /* VendorsListViewController.swift */; };
		D8A32ED72A41742D0070CF4A /* VendorsViewController.swift in Sources */ = {isa = PBXBuildFile; fileRef = D8A32ECD2A41742D0070CF4A /* VendorsViewController.swift */; };
		D8A32ED82A41742D0070CF4A /* BarcodeScannerViewController.swift in Sources */ = {isa = PBXBuildFile; fileRef = D8A32ECE2A41742D0070CF4A /* BarcodeScannerViewController.swift */; };
		D8A32EDA2A41742D0070CF4A /* SettingsViewController.swift in Sources */ = {isa = PBXBuildFile; fileRef = D8A32ED02A41742D0070CF4A /* SettingsViewController.swift */; };
		D8A73EFA2A4C10D3002A7ADF /* VendorsListTableViewCell.swift in Sources */ = {isa = PBXBuildFile; fileRef = D8A73EF92A4C10D3002A7ADF /* VendorsListTableViewCell.swift */; };
		D8BBD2E92A6905BF0095ADF7 /* PasswordStrengthManager.swift in Sources */ = {isa = PBXBuildFile; fileRef = D8BBD2E82A6905BF0095ADF7 /* PasswordStrengthManager.swift */; };
		D8BBD2EB2A6905DC0095ADF7 /* PasswordStrengthType.swift in Sources */ = {isa = PBXBuildFile; fileRef = D8BBD2EA2A6905DC0095ADF7 /* PasswordStrengthType.swift */; };
		D8BBD2ED2A6905F10095ADF7 /* String+Extension.swift in Sources */ = {isa = PBXBuildFile; fileRef = D8BBD2EC2A6905F10095ADF7 /* String+Extension.swift */; };
		D8BBD2EF2A69060A0095ADF7 /* PasswordRules.swift in Sources */ = {isa = PBXBuildFile; fileRef = D8BBD2EE2A69060A0095ADF7 /* PasswordRules.swift */; };
		D8BBD2F12A69061F0095ADF7 /* UIColor+Extension.swift in Sources */ = {isa = PBXBuildFile; fileRef = D8BBD2F02A69061F0095ADF7 /* UIColor+Extension.swift */; };
		D8BCEA402A401C9200EAF04B /* AppDelegate.swift in Sources */ = {isa = PBXBuildFile; fileRef = D8BCEA3F2A401C9200EAF04B /* AppDelegate.swift */; };
		D8BCEA422A401C9200EAF04B /* SceneDelegate.swift in Sources */ = {isa = PBXBuildFile; fileRef = D8BCEA412A401C9200EAF04B /* SceneDelegate.swift */; };
		D8BCEA472A401C9200EAF04B /* Main.storyboard in Resources */ = {isa = PBXBuildFile; fileRef = D8BCEA452A401C9200EAF04B /* Main.storyboard */; };
		D8BCEA4A2A401C9200EAF04B /* Framily.xcdatamodeld in Sources */ = {isa = PBXBuildFile; fileRef = D8BCEA482A401C9200EAF04B /* Framily.xcdatamodeld */; };
		D8BCEA4C2A401C9200EAF04B /* Assets.xcassets in Resources */ = {isa = PBXBuildFile; fileRef = D8BCEA4B2A401C9200EAF04B /* Assets.xcassets */; };
		D8BCEA4F2A401C9200EAF04B /* LaunchScreen.storyboard in Resources */ = {isa = PBXBuildFile; fileRef = D8BCEA4D2A401C9200EAF04B /* LaunchScreen.storyboard */; };
		D8BCEA5A2A401C9300EAF04B /* FramilyTests.swift in Sources */ = {isa = PBXBuildFile; fileRef = D8BCEA592A401C9300EAF04B /* FramilyTests.swift */; };
		D8BCEA642A401C9300EAF04B /* FramilyUITests.swift in Sources */ = {isa = PBXBuildFile; fileRef = D8BCEA632A401C9300EAF04B /* FramilyUITests.swift */; };
		D8BCEA662A401C9300EAF04B /* FramilyUITestsLaunchTests.swift in Sources */ = {isa = PBXBuildFile; fileRef = D8BCEA652A401C9300EAF04B /* FramilyUITestsLaunchTests.swift */; };
		D8C71C342A61514A00FEC62B /* AppearanceManager.swift in Sources */ = {isa = PBXBuildFile; fileRef = D8C71C332A61514A00FEC62B /* AppearanceManager.swift */; };
		D8E30E902A6F9209004B0610 /* SignUpExistingViewController.swift in Sources */ = {isa = PBXBuildFile; fileRef = D8E30E8F2A6F9209004B0610 /* SignUpExistingViewController.swift */; };
		D8E30E942A6FBB13004B0610 /* LoginOTPViewController.swift in Sources */ = {isa = PBXBuildFile; fileRef = D8E30E932A6FBB13004B0610 /* LoginOTPViewController.swift */; };
		D8ED9ACD2A42BAF400101711 /* ReminderViewController.swift in Sources */ = {isa = PBXBuildFile; fileRef = D8ED9ACC2A42BAF400101711 /* ReminderViewController.swift */; };
		D8F43CA62A8CFBCD0018DD00 /* aarthy.cer in Resources */ = {isa = PBXBuildFile; fileRef = D8F43CA52A8CFBCD0018DD00 /* aarthy.cer */; };
		D8F80DCD2A6A7ABF00171D49 /* loginUserNameViewController.swift in Sources */ = {isa = PBXBuildFile; fileRef = D8F80DCC2A6A7ABF00171D49 /* loginUserNameViewController.swift */; };
		DAE65722BF12505024FDC5F6 /* Pods_FramilyTests.framework in Frameworks */ = {isa = PBXBuildFile; fileRef = 3BC738E3737A225F5845DECE /* Pods_FramilyTests.framework */; };
/* End PBXBuildFile section */

/* Begin PBXContainerItemProxy section */
		D8BCEA562A401C9300EAF04B /* PBXContainerItemProxy */ = {
			isa = PBXContainerItemProxy;
			containerPortal = D8BCEA342A401C9100EAF04B /* Project object */;
			proxyType = 1;
			remoteGlobalIDString = D8BCEA3B2A401C9200EAF04B;
			remoteInfo = Framily;
		};
		D8BCEA602A401C9300EAF04B /* PBXContainerItemProxy */ = {
			isa = PBXContainerItemProxy;
			containerPortal = D8BCEA342A401C9100EAF04B /* Project object */;
			proxyType = 1;
			remoteGlobalIDString = D8BCEA3B2A401C9200EAF04B;
			remoteInfo = Framily;
		};
/* End PBXContainerItemProxy section */

/* Begin PBXFileReference section */
		0FAAE01DAB8F3585163877D0 /* Pods_Framily.framework */ = {isa = PBXFileReference; explicitFileType = wrapper.framework; includeInIndex = 0; path = Pods_Framily.framework; sourceTree = BUILT_PRODUCTS_DIR; };
		29428D60991C917ADB57E46F /* Pods-Framily-FramilyUITests.debug.xcconfig */ = {isa = PBXFileReference; includeInIndex = 1; lastKnownFileType = text.xcconfig; name = "Pods-Framily-FramilyUITests.debug.xcconfig"; path = "Target Support Files/Pods-Framily-FramilyUITests/Pods-Framily-FramilyUITests.debug.xcconfig"; sourceTree = "<group>"; };
		3BC738E3737A225F5845DECE /* Pods_FramilyTests.framework */ = {isa = PBXFileReference; explicitFileType = wrapper.framework; includeInIndex = 0; path = Pods_FramilyTests.framework; sourceTree = BUILT_PRODUCTS_DIR; };
		457E4E8F18C1990A681BC37A /* Pods-Framily.debug.xcconfig */ = {isa = PBXFileReference; includeInIndex = 1; lastKnownFileType = text.xcconfig; name = "Pods-Framily.debug.xcconfig"; path = "Target Support Files/Pods-Framily/Pods-Framily.debug.xcconfig"; sourceTree = "<group>"; };
		4AA127CB2A55513200F1BA31 /* OtpViewController.swift */ = {isa = PBXFileReference; lastKnownFileType = sourcecode.swift; path = OtpViewController.swift; sourceTree = "<group>"; };
		4AA172B62A53F5C800C4834A /* SignUpViewController.swift */ = {isa = PBXFileReference; lastKnownFileType = sourcecode.swift; path = SignUpViewController.swift; sourceTree = "<group>"; };
		4AA172B82A53F81000C4834A /* CommonViewController.swift */ = {isa = PBXFileReference; lastKnownFileType = sourcecode.swift; path = CommonViewController.swift; sourceTree = "<group>"; };
		4AA295672A4064BB0009198E /* LoginViewController.swift */ = {isa = PBXFileReference; lastKnownFileType = sourcecode.swift; path = LoginViewController.swift; sourceTree = "<group>"; };
		4AA5F6052A45AAC500006003 /* GoogleService-Info.plist */ = {isa = PBXFileReference; lastKnownFileType = text.plist; path = "GoogleService-Info.plist"; sourceTree = SOURCE_ROOT; };
		4AA5F6072A45B21800006003 /* ChatViewController.swift */ = {isa = PBXFileReference; lastKnownFileType = sourcecode.swift; path = ChatViewController.swift; sourceTree = "<group>"; };
		4AA5F6092A45B25A00006003 /* BrowserViewController.swift */ = {isa = PBXFileReference; lastKnownFileType = sourcecode.swift; path = BrowserViewController.swift; sourceTree = "<group>"; };
		4AA5F60B2A45B27900006003 /* SecurityViewController.swift */ = {isa = PBXFileReference; lastKnownFileType = sourcecode.swift; path = SecurityViewController.swift; sourceTree = "<group>"; };
		4AA896D22A4AD49E00C32E13 /* CommonAlertVC.xib */ = {isa = PBXFileReference; fileEncoding = 4; lastKnownFileType = file.xib; path = CommonAlertVC.xib; sourceTree = "<group>"; };
		4AB036732A4C36E00086A1B8 /* User.xcdatamodel */ = {isa = PBXFileReference; lastKnownFileType = wrapper.xcdatamodel; path = User.xcdatamodel; sourceTree = "<group>"; };
		4AB036752A4C53F40086A1B8 /* VendorsDetailsViewController.swift */ = {isa = PBXFileReference; lastKnownFileType = sourcecode.swift; path = VendorsDetailsViewController.swift; sourceTree = "<group>"; };
		4AB2DFE42A4EF4630008D5AA /* Subscription.swift */ = {isa = PBXFileReference; lastKnownFileType = sourcecode.swift; path = Subscription.swift; sourceTree = "<group>"; };
		5650E6682D6D87BD20704750 /* Pods_Framily_FramilyUITests.framework */ = {isa = PBXFileReference; explicitFileType = wrapper.framework; includeInIndex = 0; path = Pods_Framily_FramilyUITests.framework; sourceTree = BUILT_PRODUCTS_DIR; };
		6846251BEEC6EB62669691B3 /* Pods-FramilyTests.debug.xcconfig */ = {isa = PBXFileReference; includeInIndex = 1; lastKnownFileType = text.xcconfig; name = "Pods-FramilyTests.debug.xcconfig"; path = "Target Support Files/Pods-FramilyTests/Pods-FramilyTests.debug.xcconfig"; sourceTree = "<group>"; };
		6E150DF4E04B680034D6E2DE /* Pods-Framily-FramilyUITests.release.xcconfig */ = {isa = PBXFileReference; includeInIndex = 1; lastKnownFileType = text.xcconfig; name = "Pods-Framily-FramilyUITests.release.xcconfig"; path = "Target Support Files/Pods-Framily-FramilyUITests/Pods-Framily-FramilyUITests.release.xcconfig"; sourceTree = "<group>"; };
		A576941FB136B14E59E9A788 /* Pods-Framily.release.xcconfig */ = {isa = PBXFileReference; includeInIndex = 1; lastKnownFileType = text.xcconfig; name = "Pods-Framily.release.xcconfig"; path = "Target Support Files/Pods-Framily/Pods-Framily.release.xcconfig"; sourceTree = "<group>"; };
		D8022E032A557953009A879B /* EmailOTPViewController.swift */ = {isa = PBXFileReference; lastKnownFileType = sourcecode.swift; path = EmailOTPViewController.swift; sourceTree = "<group>"; };
		D8022E052A557969009A879B /* ConfirmPasswordViewController.swift */ = {isa = PBXFileReference; lastKnownFileType = sourcecode.swift; path = ConfirmPasswordViewController.swift; sourceTree = "<group>"; };
		D80531672A42DFE60080DC16 /* CommonAlertVC.swift */ = {isa = PBXFileReference; fileEncoding = 4; lastKnownFileType = sourcecode.swift; path = CommonAlertVC.swift; sourceTree = "<group>"; };
		D805316A2A42E0030080DC16 /* UIViewExtension.swift */ = {isa = PBXFileReference; fileEncoding = 4; lastKnownFileType = sourcecode.swift; path = UIViewExtension.swift; sourceTree = "<group>"; };
		D84FBC7F2A8E4F9D0019076A /* Dockerfile 6.22.08 PM */ = {isa = PBXFileReference; fileEncoding = 4; lastKnownFileType = text; path = "Dockerfile 6.22.08 PM"; sourceTree = "<group>"; };
		D867B6CD2A8385BE006E3D2C /* HomeViewController.swift */ = {isa = PBXFileReference; lastKnownFileType = sourcecode.swift; path = HomeViewController.swift; sourceTree = "<group>"; };
		D867B6CF2A838614006E3D2C /* ManagementViewController.swift */ = {isa = PBXFileReference; lastKnownFileType = sourcecode.swift; path = ManagementViewController.swift; sourceTree = "<group>"; };
		D867B6D12A83A1A4006E3D2C /* TabViewController.swift */ = {isa = PBXFileReference; lastKnownFileType = sourcecode.swift; path = TabViewController.swift; sourceTree = "<group>"; };
		D867B6D32A83A5F5006E3D2C /* PurchaseManagementViewController.swift */ = {isa = PBXFileReference; lastKnownFileType = sourcecode.swift; path = PurchaseManagementViewController.swift; sourceTree = "<group>"; };
		D867B6D52A83A61D006E3D2C /* PurchaseManagementTableViewCell.swift */ = {isa = PBXFileReference; lastKnownFileType = sourcecode.swift; path = PurchaseManagementTableViewCell.swift; sourceTree = "<group>"; };
		D867B6D62A83A61D006E3D2C /* PurchaseManagementTableViewCell.xib */ = {isa = PBXFileReference; lastKnownFileType = file.xib; path = PurchaseManagementTableViewCell.xib; sourceTree = "<group>"; };
		D867B6F12A83B827006E3D2C /* VendorManagementViewController.swift */ = {isa = PBXFileReference; lastKnownFileType = sourcecode.swift; path = VendorManagementViewController.swift; sourceTree = "<group>"; };
		D867B6F42A83BA99006E3D2C /* VendorManagementTableViewCell.swift */ = {isa = PBXFileReference; lastKnownFileType = sourcecode.swift; path = VendorManagementTableViewCell.swift; sourceTree = "<group>"; };
		D867B6F62A83BD94006E3D2C /* VendorManagementTableViewCell.xib */ = {isa = PBXFileReference; lastKnownFileType = file.xib; path = VendorManagementTableViewCell.xib; sourceTree = "<group>"; };
		D867B6F82A83BDC4006E3D2C /* VendorProfileViewController.swift */ = {isa = PBXFileReference; lastKnownFileType = sourcecode.swift; path = VendorProfileViewController.swift; sourceTree = "<group>"; };
		D883E0592A98BC0900470618 /* OrganizationalDetailsViewController.swift */ = {isa = PBXFileReference; lastKnownFileType = sourcecode.swift; path = OrganizationalDetailsViewController.swift; sourceTree = "<group>"; };
		D88845A32A5BE8C300219226 /* ForgetPasswordViewController.swift */ = {isa = PBXFileReference; lastKnownFileType = sourcecode.swift; path = ForgetPasswordViewController.swift; sourceTree = "<group>"; };
		D88845A52A5BEC0E00219226 /* ForgotPasswordOTPViewController.swift */ = {isa = PBXFileReference; lastKnownFileType = sourcecode.swift; path = ForgotPasswordOTPViewController.swift; sourceTree = "<group>"; };
		D88845A72A5BEE2800219226 /* ForgotPassConfirmPasswordViewController.swift */ = {isa = PBXFileReference; lastKnownFileType = sourcecode.swift; path = ForgotPassConfirmPasswordViewController.swift; sourceTree = "<group>"; };
		D88845AA2A5C158D00219226 /* VKCheckbox.swift */ = {isa = PBXFileReference; lastKnownFileType = sourcecode.swift; path = VKCheckbox.swift; sourceTree = "<group>"; };
		D8A32ECB2A41742D0070CF4A /* CameraViewController.swift */ = {isa = PBXFileReference; fileEncoding = 4; lastKnownFileType = sourcecode.swift; path = CameraViewController.swift; sourceTree = "<group>"; };
		D8A32ECC2A41742D0070CF4A /* VendorsListViewController.swift */ = {isa = PBXFileReference; fileEncoding = 4; lastKnownFileType = sourcecode.swift; path = VendorsListViewController.swift; sourceTree = "<group>"; };
		D8A32ECD2A41742D0070CF4A /* VendorsViewController.swift */ = {isa = PBXFileReference; fileEncoding = 4; lastKnownFileType = sourcecode.swift; path = VendorsViewController.swift; sourceTree = "<group>"; };
		D8A32ECE2A41742D0070CF4A /* BarcodeScannerViewController.swift */ = {isa = PBXFileReference; fileEncoding = 4; lastKnownFileType = sourcecode.swift; path = BarcodeScannerViewController.swift; sourceTree = "<group>"; };
		D8A32ED02A41742D0070CF4A /* SettingsViewController.swift */ = {isa = PBXFileReference; fileEncoding = 4; lastKnownFileType = sourcecode.swift; path = SettingsViewController.swift; sourceTree = "<group>"; };
		D8A73EF92A4C10D3002A7ADF /* VendorsListTableViewCell.swift */ = {isa = PBXFileReference; lastKnownFileType = sourcecode.swift; path = VendorsListTableViewCell.swift; sourceTree = "<group>"; };
		D8BBD2E82A6905BF0095ADF7 /* PasswordStrengthManager.swift */ = {isa = PBXFileReference; lastKnownFileType = sourcecode.swift; path = PasswordStrengthManager.swift; sourceTree = "<group>"; };
		D8BBD2EA2A6905DC0095ADF7 /* PasswordStrengthType.swift */ = {isa = PBXFileReference; lastKnownFileType = sourcecode.swift; path = PasswordStrengthType.swift; sourceTree = "<group>"; };
		D8BBD2EC2A6905F10095ADF7 /* String+Extension.swift */ = {isa = PBXFileReference; lastKnownFileType = sourcecode.swift; path = "String+Extension.swift"; sourceTree = "<group>"; };
		D8BBD2EE2A69060A0095ADF7 /* PasswordRules.swift */ = {isa = PBXFileReference; lastKnownFileType = sourcecode.swift; path = PasswordRules.swift; sourceTree = "<group>"; };
		D8BBD2F02A69061F0095ADF7 /* UIColor+Extension.swift */ = {isa = PBXFileReference; lastKnownFileType = sourcecode.swift; path = "UIColor+Extension.swift"; sourceTree = "<group>"; };
		D8BCEA3C2A401C9200EAF04B /* Framily.app */ = {isa = PBXFileReference; explicitFileType = wrapper.application; includeInIndex = 0; path = Framily.app; sourceTree = BUILT_PRODUCTS_DIR; };
		D8BCEA3F2A401C9200EAF04B /* AppDelegate.swift */ = {isa = PBXFileReference; lastKnownFileType = sourcecode.swift; path = AppDelegate.swift; sourceTree = "<group>"; };
		D8BCEA412A401C9200EAF04B /* SceneDelegate.swift */ = {isa = PBXFileReference; lastKnownFileType = sourcecode.swift; path = SceneDelegate.swift; sourceTree = "<group>"; };
		D8BCEA462A401C9200EAF04B /* Base */ = {isa = PBXFileReference; lastKnownFileType = file.storyboard; name = Base; path = Base.lproj/Main.storyboard; sourceTree = "<group>"; };
		D8BCEA492A401C9200EAF04B /* Framily.xcdatamodel */ = {isa = PBXFileReference; lastKnownFileType = wrapper.xcdatamodel; path = Framily.xcdatamodel; sourceTree = "<group>"; };
		D8BCEA4B2A401C9200EAF04B /* Assets.xcassets */ = {isa = PBXFileReference; lastKnownFileType = folder.assetcatalog; path = Assets.xcassets; sourceTree = "<group>"; };
		D8BCEA4E2A401C9200EAF04B /* Base */ = {isa = PBXFileReference; lastKnownFileType = file.storyboard; name = Base; path = Base.lproj/LaunchScreen.storyboard; sourceTree = "<group>"; };
		D8BCEA502A401C9200EAF04B /* Info.plist */ = {isa = PBXFileReference; lastKnownFileType = text.plist.xml; path = Info.plist; sourceTree = "<group>"; };
		D8BCEA552A401C9300EAF04B /* FramilyTests.xctest */ = {isa = PBXFileReference; explicitFileType = wrapper.cfbundle; includeInIndex = 0; path = FramilyTests.xctest; sourceTree = BUILT_PRODUCTS_DIR; };
		D8BCEA592A401C9300EAF04B /* FramilyTests.swift */ = {isa = PBXFileReference; lastKnownFileType = sourcecode.swift; path = FramilyTests.swift; sourceTree = "<group>"; };
		D8BCEA5F2A401C9300EAF04B /* FramilyUITests.xctest */ = {isa = PBXFileReference; explicitFileType = wrapper.cfbundle; includeInIndex = 0; path = FramilyUITests.xctest; sourceTree = BUILT_PRODUCTS_DIR; };
		D8BCEA632A401C9300EAF04B /* FramilyUITests.swift */ = {isa = PBXFileReference; lastKnownFileType = sourcecode.swift; path = FramilyUITests.swift; sourceTree = "<group>"; };
		D8BCEA652A401C9300EAF04B /* FramilyUITestsLaunchTests.swift */ = {isa = PBXFileReference; lastKnownFileType = sourcecode.swift; path = FramilyUITestsLaunchTests.swift; sourceTree = "<group>"; };
		D8C71C332A61514A00FEC62B /* AppearanceManager.swift */ = {isa = PBXFileReference; lastKnownFileType = sourcecode.swift; path = AppearanceManager.swift; sourceTree = "<group>"; };
		D8E30E8F2A6F9209004B0610 /* SignUpExistingViewController.swift */ = {isa = PBXFileReference; lastKnownFileType = sourcecode.swift; path = SignUpExistingViewController.swift; sourceTree = "<group>"; };
		D8E30E932A6FBB13004B0610 /* LoginOTPViewController.swift */ = {isa = PBXFileReference; lastKnownFileType = sourcecode.swift; path = LoginOTPViewController.swift; sourceTree = "<group>"; };
		D8ED9ACC2A42BAF400101711 /* ReminderViewController.swift */ = {isa = PBXFileReference; fileEncoding = 4; lastKnownFileType = sourcecode.swift; path = ReminderViewController.swift; sourceTree = "<group>"; };
		D8F43CA52A8CFBCD0018DD00 /* aarthy.cer */ = {isa = PBXFileReference; lastKnownFileType = file; path = aarthy.cer; sourceTree = SOURCE_ROOT; };
		D8F80DCC2A6A7ABF00171D49 /* loginUserNameViewController.swift */ = {isa = PBXFileReference; lastKnownFileType = sourcecode.swift; path = loginUserNameViewController.swift; sourceTree = "<group>"; };
		F74347344A4D2F5F36AE8823 /* Pods-FramilyTests.release.xcconfig */ = {isa = PBXFileReference; includeInIndex = 1; lastKnownFileType = text.xcconfig; name = "Pods-FramilyTests.release.xcconfig"; path = "Target Support Files/Pods-FramilyTests/Pods-FramilyTests.release.xcconfig"; sourceTree = "<group>"; };
/* End PBXFileReference section */

/* Begin PBXFrameworksBuildPhase section */
		D8BCEA392A401C9200EAF04B /* Frameworks */ = {
			isa = PBXFrameworksBuildPhase;
			buildActionMask = 2147483647;
			files = (
				63BC570C77505D4D84A45D55 /* Pods_Framily.framework in Frameworks */,
			);
			runOnlyForDeploymentPostprocessing = 0;
		};
		D8BCEA522A401C9300EAF04B /* Frameworks */ = {
			isa = PBXFrameworksBuildPhase;
			buildActionMask = 2147483647;
			files = (
				DAE65722BF12505024FDC5F6 /* Pods_FramilyTests.framework in Frameworks */,
			);
			runOnlyForDeploymentPostprocessing = 0;
		};
		D8BCEA5C2A401C9300EAF04B /* Frameworks */ = {
			isa = PBXFrameworksBuildPhase;
			buildActionMask = 2147483647;
			files = (
				63B013C42BD42510A40552D8 /* Pods_Framily_FramilyUITests.framework in Frameworks */,
			);
			runOnlyForDeploymentPostprocessing = 0;
		};
/* End PBXFrameworksBuildPhase section */

/* Begin PBXGroup section */
		266680A7E864984740985504 /* Frameworks */ = {
			isa = PBXGroup;
			children = (
				0FAAE01DAB8F3585163877D0 /* Pods_Framily.framework */,
				5650E6682D6D87BD20704750 /* Pods_Framily_FramilyUITests.framework */,
				3BC738E3737A225F5845DECE /* Pods_FramilyTests.framework */,
			);
			name = Frameworks;
			sourceTree = "<group>";
		};
		2CCC3220364821B5846F2DED /* Pods */ = {
			isa = PBXGroup;
			children = (
				457E4E8F18C1990A681BC37A /* Pods-Framily.debug.xcconfig */,
				A576941FB136B14E59E9A788 /* Pods-Framily.release.xcconfig */,
				29428D60991C917ADB57E46F /* Pods-Framily-FramilyUITests.debug.xcconfig */,
				6E150DF4E04B680034D6E2DE /* Pods-Framily-FramilyUITests.release.xcconfig */,
				6846251BEEC6EB62669691B3 /* Pods-FramilyTests.debug.xcconfig */,
				F74347344A4D2F5F36AE8823 /* Pods-FramilyTests.release.xcconfig */,
			);
			path = Pods;
			sourceTree = "<group>";
		};
		4AB010592A53FB99000549A1 /* Login */ = {
			isa = PBXGroup;
			children = (
				D8F80DCC2A6A7ABF00171D49 /* loginUserNameViewController.swift */,
				4AA295672A4064BB0009198E /* LoginViewController.swift */,
				4AB2DFE42A4EF4630008D5AA /* Subscription.swift */,
				D8B9B8AE2A7B98580007F372 /* Custom Alert */,
			);
			path = Login;
			sourceTree = "<group>";
		};
		D867B6F02A83B7A7006E3D2C /* Purchase Management */ = {
			isa = PBXGroup;
			children = (
				D867B6D32A83A5F5006E3D2C /* PurchaseManagementViewController.swift */,
				D867B6D52A83A61D006E3D2C /* PurchaseManagementTableViewCell.swift */,
				D867B6D62A83A61D006E3D2C /* PurchaseManagementTableViewCell.xib */,
			);
			path = "Purchase Management";
			sourceTree = "<group>";
		};
		D867B6F32A83BA70006E3D2C /* Vendor Management */ = {
			isa = PBXGroup;
			children = (
				D867B6F12A83B827006E3D2C /* VendorManagementViewController.swift */,
				D867B6F42A83BA99006E3D2C /* VendorManagementTableViewCell.swift */,
				D867B6F62A83BD94006E3D2C /* VendorManagementTableViewCell.xib */,
				D867B6F82A83BDC4006E3D2C /* VendorProfileViewController.swift */,
			);
			path = "Vendor Management";
			sourceTree = "<group>";
		};
		D88845A92A5BF4A800219226 /* Sign Up */ = {
			isa = PBXGroup;
			children = (
				D8E30E8F2A6F9209004B0610 /* SignUpExistingViewController.swift */,
				4AA172B62A53F5C800C4834A /* SignUpViewController.swift */,
				D8022E032A557953009A879B /* EmailOTPViewController.swift */,
				D8022E052A557969009A879B /* ConfirmPasswordViewController.swift */,
				D8B9B8AC2A7B8B440007F372 /* Password Strength View */,
				D8B9B8AD2A7B8B760007F372 /* Check Box */,
			);
			path = "Sign Up";
			sourceTree = "<group>";
		};
		D8A32ECA2A41742D0070CF4A /* Views */ = {
			isa = PBXGroup;
			children = (
				D8A32ECB2A41742D0070CF4A /* CameraViewController.swift */,
				D8A73EF82A4C10A5002A7ADF /* VendorsList */,
				D8A32ECD2A41742D0070CF4A /* VendorsViewController.swift */,
				D8A32ECE2A41742D0070CF4A /* BarcodeScannerViewController.swift */,
				D8A32ED02A41742D0070CF4A /* SettingsViewController.swift */,
			);
			path = Views;
			sourceTree = "<group>";
		};
		D8A73EF82A4C10A5002A7ADF /* VendorsList */ = {
			isa = PBXGroup;
			children = (
				D8A32ECC2A41742D0070CF4A /* VendorsListViewController.swift */,
				D8A73EF92A4C10D3002A7ADF /* VendorsListTableViewCell.swift */,
				4AB036752A4C53F40086A1B8 /* VendorsDetailsViewController.swift */,
			);
			path = VendorsList;
			sourceTree = "<group>";
		};
		D8AC7F712A56CABA00433D9C /* ForgotPassword */ = {
			isa = PBXGroup;
			children = (
				D88845A32A5BE8C300219226 /* ForgetPasswordViewController.swift */,
				D88845A52A5BEC0E00219226 /* ForgotPasswordOTPViewController.swift */,
				D88845A72A5BEE2800219226 /* ForgotPassConfirmPasswordViewController.swift */,
			);
			path = ForgotPassword;
			sourceTree = "<group>";
		};
		D8B9B8AC2A7B8B440007F372 /* Password Strength View */ = {
			isa = PBXGroup;
			children = (
				D8BBD2E82A6905BF0095ADF7 /* PasswordStrengthManager.swift */,
				D8BBD2EA2A6905DC0095ADF7 /* PasswordStrengthType.swift */,
				D8BBD2EC2A6905F10095ADF7 /* String+Extension.swift */,
				D8BBD2EE2A69060A0095ADF7 /* PasswordRules.swift */,
				D8BBD2F02A69061F0095ADF7 /* UIColor+Extension.swift */,
			);
			path = "Password Strength View";
			sourceTree = "<group>";
		};
		D8B9B8AD2A7B8B760007F372 /* Check Box */ = {
			isa = PBXGroup;
			children = (
				D88845AA2A5C158D00219226 /* VKCheckbox.swift */,
			);
			path = "Check Box";
			sourceTree = "<group>";
		};
		D8B9B8AE2A7B98580007F372 /* Custom Alert */ = {
			isa = PBXGroup;
			children = (
				4AA896D22A4AD49E00C32E13 /* CommonAlertVC.xib */,
				D805316A2A42E0030080DC16 /* UIViewExtension.swift */,
				D80531672A42DFE60080DC16 /* CommonAlertVC.swift */,
			);
			path = "Custom Alert";
			sourceTree = "<group>";
		};
		D8BCEA332A401C9100EAF04B = {
			isa = PBXGroup;
			children = (
				D8BCEA3E2A401C9200EAF04B /* Framily */,
				D8BCEA582A401C9300EAF04B /* FramilyTests */,
				D8BCEA622A401C9300EAF04B /* FramilyUITests */,
				D8BCEA3D2A401C9200EAF04B /* Products */,
				2CCC3220364821B5846F2DED /* Pods */,
				266680A7E864984740985504 /* Frameworks */,
			);
			sourceTree = "<group>";
		};
		D8BCEA3D2A401C9200EAF04B /* Products */ = {
			isa = PBXGroup;
			children = (
				D8BCEA3C2A401C9200EAF04B /* Framily.app */,
				D8BCEA552A401C9300EAF04B /* FramilyTests.xctest */,
				D8BCEA5F2A401C9300EAF04B /* FramilyUITests.xctest */,
			);
			name = Products;
			sourceTree = "<group>";
		};
		D8BCEA3E2A401C9200EAF04B /* Framily */ = {
			isa = PBXGroup;
			children = (
				D84FBC7F2A8E4F9D0019076A /* Dockerfile 6.22.08 PM */,
				D8F43CA52A8CFBCD0018DD00 /* aarthy.cer */,
				4AA5F6052A45AAC500006003 /* GoogleService-Info.plist */,
				4AB036722A4C36E00086A1B8 /* User.xcdatamodeld */,
				D8C71C332A61514A00FEC62B /* AppearanceManager.swift */,
				D8BCEA3F2A401C9200EAF04B /* AppDelegate.swift */,
				D8BCEA412A401C9200EAF04B /* SceneDelegate.swift */,
				4AB010592A53FB99000549A1 /* Login */,
				4AA127CB2A55513200F1BA31 /* OtpViewController.swift */,
				D8E30E932A6FBB13004B0610 /* LoginOTPViewController.swift */,
				D88845A92A5BF4A800219226 /* Sign Up */,
				D8AC7F712A56CABA00433D9C /* ForgotPassword */,
				D883E0592A98BC0900470618 /* OrganizationalDetailsViewController.swift */,
				D867B6D12A83A1A4006E3D2C /* TabViewController.swift */,
				D867B6CD2A8385BE006E3D2C /* HomeViewController.swift */,
				D867B6CF2A838614006E3D2C /* ManagementViewController.swift */,
				D867B6F02A83B7A7006E3D2C /* Purchase Management */,
				D867B6F32A83BA70006E3D2C /* Vendor Management */,
				D8ED9ACC2A42BAF400101711 /* ReminderViewController.swift */,
				4AA5F6072A45B21800006003 /* ChatViewController.swift */,
				4AA5F6092A45B25A00006003 /* BrowserViewController.swift */,
				4AA5F60B2A45B27900006003 /* SecurityViewController.swift */,
				D8A32ECA2A41742D0070CF4A /* Views */,
				D8BCEA452A401C9200EAF04B /* Main.storyboard */,
				D8BCEA4B2A401C9200EAF04B /* Assets.xcassets */,
				D8BCEA4D2A401C9200EAF04B /* LaunchScreen.storyboard */,
				4AA172B82A53F81000C4834A /* CommonViewController.swift */,
				D8BCEA502A401C9200EAF04B /* Info.plist */,
				D8BCEA482A401C9200EAF04B /* Framily.xcdatamodeld */,
			);
			path = Framily;
			sourceTree = "<group>";
		};
		D8BCEA582A401C9300EAF04B /* FramilyTests */ = {
			isa = PBXGroup;
			children = (
				D8BCEA592A401C9300EAF04B /* FramilyTests.swift */,
			);
			path = FramilyTests;
			sourceTree = "<group>";
		};
		D8BCEA622A401C9300EAF04B /* FramilyUITests */ = {
			isa = PBXGroup;
			children = (
				D8BCEA632A401C9300EAF04B /* FramilyUITests.swift */,
				D8BCEA652A401C9300EAF04B /* FramilyUITestsLaunchTests.swift */,
			);
			path = FramilyUITests;
			sourceTree = "<group>";
		};
/* End PBXGroup section */

/* Begin PBXNativeTarget section */
		D8BCEA3B2A401C9200EAF04B /* Framily */ = {
			isa = PBXNativeTarget;
			buildConfigurationList = D8BCEA692A401C9300EAF04B /* Build configuration list for PBXNativeTarget "Framily" */;
			buildPhases = (
				253FA0AAA026BE23140618DA /* [CP] Check Pods Manifest.lock */,
				D8BCEA382A401C9200EAF04B /* Sources */,
				D8BCEA392A401C9200EAF04B /* Frameworks */,
				D8BCEA3A2A401C9200EAF04B /* Resources */,
				FE43EE53F9FF646E22111746 /* [CP] Embed Pods Frameworks */,
			);
			buildRules = (
			);
			dependencies = (
			);
			name = Framily;
			productName = Framily;
			productReference = D8BCEA3C2A401C9200EAF04B /* Framily.app */;
			productType = "com.apple.product-type.application";
		};
		D8BCEA542A401C9300EAF04B /* FramilyTests */ = {
			isa = PBXNativeTarget;
			buildConfigurationList = D8BCEA6C2A401C9300EAF04B /* Build configuration list for PBXNativeTarget "FramilyTests" */;
			buildPhases = (
				6E637F592AF971BD79163ADD /* [CP] Check Pods Manifest.lock */,
				D8BCEA512A401C9300EAF04B /* Sources */,
				D8BCEA522A401C9300EAF04B /* Frameworks */,
				D8BCEA532A401C9300EAF04B /* Resources */,
			);
			buildRules = (
			);
			dependencies = (
				D8BCEA572A401C9300EAF04B /* PBXTargetDependency */,
			);
			name = FramilyTests;
			productName = FramilyTests;
			productReference = D8BCEA552A401C9300EAF04B /* FramilyTests.xctest */;
			productType = "com.apple.product-type.bundle.unit-test";
		};
		D8BCEA5E2A401C9300EAF04B /* FramilyUITests */ = {
			isa = PBXNativeTarget;
			buildConfigurationList = D8BCEA6F2A401C9300EAF04B /* Build configuration list for PBXNativeTarget "FramilyUITests" */;
			buildPhases = (
				AA1DDEF69EA3D9F46C85E58A /* [CP] Check Pods Manifest.lock */,
				D8BCEA5B2A401C9300EAF04B /* Sources */,
				D8BCEA5C2A401C9300EAF04B /* Frameworks */,
				D8BCEA5D2A401C9300EAF04B /* Resources */,
				3271E22C6C6E67D8855FD0EF /* [CP] Embed Pods Frameworks */,
			);
			buildRules = (
			);
			dependencies = (
				D8BCEA612A401C9300EAF04B /* PBXTargetDependency */,
			);
			name = FramilyUITests;
			productName = FramilyUITests;
			productReference = D8BCEA5F2A401C9300EAF04B /* FramilyUITests.xctest */;
			productType = "com.apple.product-type.bundle.ui-testing";
		};
/* End PBXNativeTarget section */

/* Begin PBXProject section */
		D8BCEA342A401C9100EAF04B /* Project object */ = {
			isa = PBXProject;
			attributes = {
				BuildIndependentTargetsInParallel = 1;
				LastSwiftUpdateCheck = 1430;
				LastUpgradeCheck = 1430;
				TargetAttributes = {
					D8BCEA3B2A401C9200EAF04B = {
						CreatedOnToolsVersion = 14.3.1;
					};
					D8BCEA542A401C9300EAF04B = {
						CreatedOnToolsVersion = 14.3.1;
						TestTargetID = D8BCEA3B2A401C9200EAF04B;
					};
					D8BCEA5E2A401C9300EAF04B = {
						CreatedOnToolsVersion = 14.3.1;
						TestTargetID = D8BCEA3B2A401C9200EAF04B;
					};
				};
			};
			buildConfigurationList = D8BCEA372A401C9100EAF04B /* Build configuration list for PBXProject "Framily" */;
			compatibilityVersion = "Xcode 14.0";
			developmentRegion = en;
			hasScannedForEncodings = 0;
			knownRegions = (
				en,
				Base,
			);
			mainGroup = D8BCEA332A401C9100EAF04B;
			productRefGroup = D8BCEA3D2A401C9200EAF04B /* Products */;
			projectDirPath = "";
			projectRoot = "";
			targets = (
				D8BCEA3B2A401C9200EAF04B /* Framily */,
				D8BCEA542A401C9300EAF04B /* FramilyTests */,
				D8BCEA5E2A401C9300EAF04B /* FramilyUITests */,
			);
		};
/* End PBXProject section */

/* Begin PBXResourcesBuildPhase section */
		D8BCEA3A2A401C9200EAF04B /* Resources */ = {
			isa = PBXResourcesBuildPhase;
			buildActionMask = 2147483647;
			files = (
				D84FBC802A8E4F9D0019076A /* Dockerfile 6.22.08 PM in Resources */,
				D8BCEA4F2A401C9200EAF04B /* LaunchScreen.storyboard in Resources */,
				D867B6F72A83BD94006E3D2C /* VendorManagementTableViewCell.xib in Resources */,
				4AA896D32A4AD49E00C32E13 /* CommonAlertVC.xib in Resources */,
				D8F43CA62A8CFBCD0018DD00 /* aarthy.cer in Resources */,
				D8BCEA4C2A401C9200EAF04B /* Assets.xcassets in Resources */,
				D8BCEA472A401C9200EAF04B /* Main.storyboard in Resources */,
				4AA5F6062A45AAC500006003 /* GoogleService-Info.plist in Resources */,
				D867B6D82A83A61D006E3D2C /* PurchaseManagementTableViewCell.xib in Resources */,
			);
			runOnlyForDeploymentPostprocessing = 0;
		};
		D8BCEA532A401C9300EAF04B /* Resources */ = {
			isa = PBXResourcesBuildPhase;
			buildActionMask = 2147483647;
			files = (
			);
			runOnlyForDeploymentPostprocessing = 0;
		};
		D8BCEA5D2A401C9300EAF04B /* Resources */ = {
			isa = PBXResourcesBuildPhase;
			buildActionMask = 2147483647;
			files = (
			);
			runOnlyForDeploymentPostprocessing = 0;
		};
/* End PBXResourcesBuildPhase section */

/* Begin PBXShellScriptBuildPhase section */
		253FA0AAA026BE23140618DA /* [CP] Check Pods Manifest.lock */ = {
			isa = PBXShellScriptBuildPhase;
			buildActionMask = 2147483647;
			files = (
			);
			inputFileListPaths = (
			);
			inputPaths = (
				"${PODS_PODFILE_DIR_PATH}/Podfile.lock",
				"${PODS_ROOT}/Manifest.lock",
			);
			name = "[CP] Check Pods Manifest.lock";
			outputFileListPaths = (
			);
			outputPaths = (
				"$(DERIVED_FILE_DIR)/Pods-Framily-checkManifestLockResult.txt",
			);
			runOnlyForDeploymentPostprocessing = 0;
			shellPath = /bin/sh;
			shellScript = "diff \"${PODS_PODFILE_DIR_PATH}/Podfile.lock\" \"${PODS_ROOT}/Manifest.lock\" > /dev/null\nif [ $? != 0 ] ; then\n    # print error to STDERR\n    echo \"error: The sandbox is not in sync with the Podfile.lock. Run 'pod install' or update your CocoaPods installation.\" >&2\n    exit 1\nfi\n# This output is used by Xcode 'outputs' to avoid re-running this script phase.\necho \"SUCCESS\" > \"${SCRIPT_OUTPUT_FILE_0}\"\n";
			showEnvVarsInLog = 0;
		};
		3271E22C6C6E67D8855FD0EF /* [CP] Embed Pods Frameworks */ = {
			isa = PBXShellScriptBuildPhase;
			buildActionMask = 2147483647;
			files = (
			);
			inputFileListPaths = (
				"${PODS_ROOT}/Target Support Files/Pods-Framily-FramilyUITests/Pods-Framily-FramilyUITests-frameworks-${CONFIGURATION}-input-files.xcfilelist",
			);
			name = "[CP] Embed Pods Frameworks";
			outputFileListPaths = (
				"${PODS_ROOT}/Target Support Files/Pods-Framily-FramilyUITests/Pods-Framily-FramilyUITests-frameworks-${CONFIGURATION}-output-files.xcfilelist",
			);
			runOnlyForDeploymentPostprocessing = 0;
			shellPath = /bin/sh;
			shellScript = "\"${PODS_ROOT}/Target Support Files/Pods-Framily-FramilyUITests/Pods-Framily-FramilyUITests-frameworks.sh\"\n";
			showEnvVarsInLog = 0;
		};
		6E637F592AF971BD79163ADD /* [CP] Check Pods Manifest.lock */ = {
			isa = PBXShellScriptBuildPhase;
			buildActionMask = 2147483647;
			files = (
			);
			inputFileListPaths = (
			);
			inputPaths = (
				"${PODS_PODFILE_DIR_PATH}/Podfile.lock",
				"${PODS_ROOT}/Manifest.lock",
			);
			name = "[CP] Check Pods Manifest.lock";
			outputFileListPaths = (
			);
			outputPaths = (
				"$(DERIVED_FILE_DIR)/Pods-FramilyTests-checkManifestLockResult.txt",
			);
			runOnlyForDeploymentPostprocessing = 0;
			shellPath = /bin/sh;
			shellScript = "diff \"${PODS_PODFILE_DIR_PATH}/Podfile.lock\" \"${PODS_ROOT}/Manifest.lock\" > /dev/null\nif [ $? != 0 ] ; then\n    # print error to STDERR\n    echo \"error: The sandbox is not in sync with the Podfile.lock. Run 'pod install' or update your CocoaPods installation.\" >&2\n    exit 1\nfi\n# This output is used by Xcode 'outputs' to avoid re-running this script phase.\necho \"SUCCESS\" > \"${SCRIPT_OUTPUT_FILE_0}\"\n";
			showEnvVarsInLog = 0;
		};
		AA1DDEF69EA3D9F46C85E58A /* [CP] Check Pods Manifest.lock */ = {
			isa = PBXShellScriptBuildPhase;
			buildActionMask = 2147483647;
			files = (
			);
			inputFileListPaths = (
			);
			inputPaths = (
				"${PODS_PODFILE_DIR_PATH}/Podfile.lock",
				"${PODS_ROOT}/Manifest.lock",
			);
			name = "[CP] Check Pods Manifest.lock";
			outputFileListPaths = (
			);
			outputPaths = (
				"$(DERIVED_FILE_DIR)/Pods-Framily-FramilyUITests-checkManifestLockResult.txt",
			);
			runOnlyForDeploymentPostprocessing = 0;
			shellPath = /bin/sh;
			shellScript = "diff \"${PODS_PODFILE_DIR_PATH}/Podfile.lock\" \"${PODS_ROOT}/Manifest.lock\" > /dev/null\nif [ $? != 0 ] ; then\n    # print error to STDERR\n    echo \"error: The sandbox is not in sync with the Podfile.lock. Run 'pod install' or update your CocoaPods installation.\" >&2\n    exit 1\nfi\n# This output is used by Xcode 'outputs' to avoid re-running this script phase.\necho \"SUCCESS\" > \"${SCRIPT_OUTPUT_FILE_0}\"\n";
			showEnvVarsInLog = 0;
		};
		FE43EE53F9FF646E22111746 /* [CP] Embed Pods Frameworks */ = {
			isa = PBXShellScriptBuildPhase;
			buildActionMask = 2147483647;
			files = (
			);
			inputFileListPaths = (
				"${PODS_ROOT}/Target Support Files/Pods-Framily/Pods-Framily-frameworks-${CONFIGURATION}-input-files.xcfilelist",
			);
			name = "[CP] Embed Pods Frameworks";
			outputFileListPaths = (
				"${PODS_ROOT}/Target Support Files/Pods-Framily/Pods-Framily-frameworks-${CONFIGURATION}-output-files.xcfilelist",
			);
			runOnlyForDeploymentPostprocessing = 0;
			shellPath = /bin/sh;
			shellScript = "\"${PODS_ROOT}/Target Support Files/Pods-Framily/Pods-Framily-frameworks.sh\"\n";
			showEnvVarsInLog = 0;
		};
/* End PBXShellScriptBuildPhase section */

/* Begin PBXSourcesBuildPhase section */
		D8BCEA382A401C9200EAF04B /* Sources */ = {
			isa = PBXSourcesBuildPhase;
			buildActionMask = 2147483647;
			files = (
				D867B6F52A83BA99006E3D2C /* VendorManagementTableViewCell.swift in Sources */,
				4AA295682A4064BB0009198E /* LoginViewController.swift in Sources */,
				D88845A42A5BE8C300219226 /* ForgetPasswordViewController.swift in Sources */,
				D8E30E942A6FBB13004B0610 /* LoginOTPViewController.swift in Sources */,
				D8F80DCD2A6A7ABF00171D49 /* loginUserNameViewController.swift in Sources */,
				D8A73EFA2A4C10D3002A7ADF /* VendorsListTableViewCell.swift in Sources */,
				D867B6CE2A8385BE006E3D2C /* HomeViewController.swift in Sources */,
				D8A32ED82A41742D0070CF4A /* BarcodeScannerViewController.swift in Sources */,
				D8BCEA4A2A401C9200EAF04B /* Framily.xcdatamodeld in Sources */,
				D867B6D22A83A1A4006E3D2C /* TabViewController.swift in Sources */,
				D8BBD2EB2A6905DC0095ADF7 /* PasswordStrengthType.swift in Sources */,
				D8E30E902A6F9209004B0610 /* SignUpExistingViewController.swift in Sources */,
				D867B6D02A838614006E3D2C /* ManagementViewController.swift in Sources */,
				D805316B2A42E0030080DC16 /* UIViewExtension.swift in Sources */,
				D88845AB2A5C158D00219226 /* VKCheckbox.swift in Sources */,
				D867B6F22A83B827006E3D2C /* VendorManagementViewController.swift in Sources */,
				4AA5F60C2A45B27900006003 /* SecurityViewController.swift in Sources */,
				D867B6D42A83A5F5006E3D2C /* PurchaseManagementViewController.swift in Sources */,
				D8A32ED72A41742D0070CF4A /* VendorsViewController.swift in Sources */,
				D8BBD2F12A69061F0095ADF7 /* UIColor+Extension.swift in Sources */,
				4AA172B92A53F81000C4834A /* CommonViewController.swift in Sources */,
				D8022E042A557953009A879B /* EmailOTPViewController.swift in Sources */,
				D8C71C342A61514A00FEC62B /* AppearanceManager.swift in Sources */,
				D867B6F92A83BDC4006E3D2C /* VendorProfileViewController.swift in Sources */,
				D8A32ED62A41742D0070CF4A /* VendorsListViewController.swift in Sources */,
				D8022E062A557969009A879B /* ConfirmPasswordViewController.swift in Sources */,
				D867B6D72A83A61D006E3D2C /* PurchaseManagementTableViewCell.swift in Sources */,
				4AA5F6082A45B21800006003 /* ChatViewController.swift in Sources */,
				4AA5F60A2A45B25A00006003 /* BrowserViewController.swift in Sources */,
				D8BBD2ED2A6905F10095ADF7 /* String+Extension.swift in Sources */,
				D88845A62A5BEC0E00219226 /* ForgotPasswordOTPViewController.swift in Sources */,
				4AA127CC2A55513200F1BA31 /* OtpViewController.swift in Sources */,
				4AB2DFE52A4EF4630008D5AA /* Subscription.swift in Sources */,
				D8BCEA402A401C9200EAF04B /* AppDelegate.swift in Sources */,
				D8A32ED52A41742D0070CF4A /* CameraViewController.swift in Sources */,
				D883E05A2A98BC0900470618 /* OrganizationalDetailsViewController.swift in Sources */,
				D8BBD2EF2A69060A0095ADF7 /* PasswordRules.swift in Sources */,
				4AB036762A4C53F40086A1B8 /* VendorsDetailsViewController.swift in Sources */,
				D80531692A42DFE60080DC16 /* CommonAlertVC.swift in Sources */,
				D88845A82A5BEE2800219226 /* ForgotPassConfirmPasswordViewController.swift in Sources */,
				D8BBD2E92A6905BF0095ADF7 /* PasswordStrengthManager.swift in Sources */,
				4AA172B72A53F5C800C4834A /* SignUpViewController.swift in Sources */,
				D8BCEA422A401C9200EAF04B /* SceneDelegate.swift in Sources */,
				D8A32EDA2A41742D0070CF4A /* SettingsViewController.swift in Sources */,
				D8ED9ACD2A42BAF400101711 /* ReminderViewController.swift in Sources */,
				4AB036742A4C36E00086A1B8 /* User.xcdatamodeld in Sources */,
			);
			runOnlyForDeploymentPostprocessing = 0;
		};
		D8BCEA512A401C9300EAF04B /* Sources */ = {
			isa = PBXSourcesBuildPhase;
			buildActionMask = 2147483647;
			files = (
				D8BCEA5A2A401C9300EAF04B /* FramilyTests.swift in Sources */,
			);
			runOnlyForDeploymentPostprocessing = 0;
		};
		D8BCEA5B2A401C9300EAF04B /* Sources */ = {
			isa = PBXSourcesBuildPhase;
			buildActionMask = 2147483647;
			files = (
				D8BCEA642A401C9300EAF04B /* FramilyUITests.swift in Sources */,
				D8BCEA662A401C9300EAF04B /* FramilyUITestsLaunchTests.swift in Sources */,
			);
			runOnlyForDeploymentPostprocessing = 0;
		};
/* End PBXSourcesBuildPhase section */

/* Begin PBXTargetDependency section */
		D8BCEA572A401C9300EAF04B /* PBXTargetDependency */ = {
			isa = PBXTargetDependency;
			target = D8BCEA3B2A401C9200EAF04B /* Framily */;
			targetProxy = D8BCEA562A401C9300EAF04B /* PBXContainerItemProxy */;
		};
		D8BCEA612A401C9300EAF04B /* PBXTargetDependency */ = {
			isa = PBXTargetDependency;
			target = D8BCEA3B2A401C9200EAF04B /* Framily */;
			targetProxy = D8BCEA602A401C9300EAF04B /* PBXContainerItemProxy */;
		};
/* End PBXTargetDependency section */

/* Begin PBXVariantGroup section */
		D8BCEA452A401C9200EAF04B /* Main.storyboard */ = {
			isa = PBXVariantGroup;
			children = (
				D8BCEA462A401C9200EAF04B /* Base */,
			);
			name = Main.storyboard;
			sourceTree = "<group>";
		};
		D8BCEA4D2A401C9200EAF04B /* LaunchScreen.storyboard */ = {
			isa = PBXVariantGroup;
			children = (
				D8BCEA4E2A401C9200EAF04B /* Base */,
			);
			name = LaunchScreen.storyboard;
			sourceTree = "<group>";
		};
/* End PBXVariantGroup section */

/* Begin XCBuildConfiguration section */
		D8BCEA672A401C9300EAF04B /* Debug */ = {
			isa = XCBuildConfiguration;
			buildSettings = {
				ALWAYS_SEARCH_USER_PATHS = NO;
				CLANG_ANALYZER_NONNULL = YES;
				CLANG_ANALYZER_NUMBER_OBJECT_CONVERSION = YES_AGGRESSIVE;
				CLANG_CXX_LANGUAGE_STANDARD = "gnu++20";
				CLANG_ENABLE_MODULES = YES;
				CLANG_ENABLE_OBJC_ARC = YES;
				CLANG_ENABLE_OBJC_WEAK = YES;
				CLANG_WARN_BLOCK_CAPTURE_AUTORELEASING = YES;
				CLANG_WARN_BOOL_CONVERSION = YES;
				CLANG_WARN_COMMA = YES;
				CLANG_WARN_CONSTANT_CONVERSION = YES;
				CLANG_WARN_DEPRECATED_OBJC_IMPLEMENTATIONS = YES;
				CLANG_WARN_DIRECT_OBJC_ISA_USAGE = YES_ERROR;
				CLANG_WARN_DOCUMENTATION_COMMENTS = YES;
				CLANG_WARN_EMPTY_BODY = YES;
				CLANG_WARN_ENUM_CONVERSION = YES;
				CLANG_WARN_INFINITE_RECURSION = YES;
				CLANG_WARN_INT_CONVERSION = YES;
				CLANG_WARN_NON_LITERAL_NULL_CONVERSION = YES;
				CLANG_WARN_OBJC_IMPLICIT_RETAIN_SELF = YES;
				CLANG_WARN_OBJC_LITERAL_CONVERSION = YES;
				CLANG_WARN_OBJC_ROOT_CLASS = YES_ERROR;
				CLANG_WARN_QUOTED_INCLUDE_IN_FRAMEWORK_HEADER = YES;
				CLANG_WARN_RANGE_LOOP_ANALYSIS = YES;
				CLANG_WARN_STRICT_PROTOTYPES = YES;
				CLANG_WARN_SUSPICIOUS_MOVE = YES;
				CLANG_WARN_UNGUARDED_AVAILABILITY = YES_AGGRESSIVE;
				CLANG_WARN_UNREACHABLE_CODE = YES;
				CLANG_WARN__DUPLICATE_METHOD_MATCH = YES;
				COPY_PHASE_STRIP = NO;
				DEBUG_INFORMATION_FORMAT = dwarf;
				ENABLE_STRICT_OBJC_MSGSEND = YES;
				ENABLE_TESTABILITY = YES;
				GCC_C_LANGUAGE_STANDARD = gnu11;
				GCC_DYNAMIC_NO_PIC = NO;
				GCC_NO_COMMON_BLOCKS = YES;
				GCC_OPTIMIZATION_LEVEL = 0;
				GCC_PREPROCESSOR_DEFINITIONS = (
					"DEBUG=1",
					"$(inherited)",
				);
				GCC_WARN_64_TO_32_BIT_CONVERSION = YES;
				GCC_WARN_ABOUT_RETURN_TYPE = YES_ERROR;
				GCC_WARN_UNDECLARED_SELECTOR = YES;
				GCC_WARN_UNINITIALIZED_AUTOS = YES_AGGRESSIVE;
				GCC_WARN_UNUSED_FUNCTION = YES;
				GCC_WARN_UNUSED_VARIABLE = YES;
				IPHONEOS_DEPLOYMENT_TARGET = 16.4;
				MTL_ENABLE_DEBUG_INFO = INCLUDE_SOURCE;
				MTL_FAST_MATH = YES;
				ONLY_ACTIVE_ARCH = YES;
				SDKROOT = iphoneos;
				SWIFT_ACTIVE_COMPILATION_CONDITIONS = DEBUG;
				SWIFT_OPTIMIZATION_LEVEL = "-Onone";
			};
			name = Debug;
		};
		D8BCEA682A401C9300EAF04B /* Release */ = {
			isa = XCBuildConfiguration;
			buildSettings = {
				ALWAYS_SEARCH_USER_PATHS = NO;
				CLANG_ANALYZER_NONNULL = YES;
				CLANG_ANALYZER_NUMBER_OBJECT_CONVERSION = YES_AGGRESSIVE;
				CLANG_CXX_LANGUAGE_STANDARD = "gnu++20";
				CLANG_ENABLE_MODULES = YES;
				CLANG_ENABLE_OBJC_ARC = YES;
				CLANG_ENABLE_OBJC_WEAK = YES;
				CLANG_WARN_BLOCK_CAPTURE_AUTORELEASING = YES;
				CLANG_WARN_BOOL_CONVERSION = YES;
				CLANG_WARN_COMMA = YES;
				CLANG_WARN_CONSTANT_CONVERSION = YES;
				CLANG_WARN_DEPRECATED_OBJC_IMPLEMENTATIONS = YES;
				CLANG_WARN_DIRECT_OBJC_ISA_USAGE = YES_ERROR;
				CLANG_WARN_DOCUMENTATION_COMMENTS = YES;
				CLANG_WARN_EMPTY_BODY = YES;
				CLANG_WARN_ENUM_CONVERSION = YES;
				CLANG_WARN_INFINITE_RECURSION = YES;
				CLANG_WARN_INT_CONVERSION = YES;
				CLANG_WARN_NON_LITERAL_NULL_CONVERSION = YES;
				CLANG_WARN_OBJC_IMPLICIT_RETAIN_SELF = YES;
				CLANG_WARN_OBJC_LITERAL_CONVERSION = YES;
				CLANG_WARN_OBJC_ROOT_CLASS = YES_ERROR;
				CLANG_WARN_QUOTED_INCLUDE_IN_FRAMEWORK_HEADER = YES;
				CLANG_WARN_RANGE_LOOP_ANALYSIS = YES;
				CLANG_WARN_STRICT_PROTOTYPES = YES;
				CLANG_WARN_SUSPICIOUS_MOVE = YES;
				CLANG_WARN_UNGUARDED_AVAILABILITY = YES_AGGRESSIVE;
				CLANG_WARN_UNREACHABLE_CODE = YES;
				CLANG_WARN__DUPLICATE_METHOD_MATCH = YES;
				COPY_PHASE_STRIP = NO;
				DEBUG_INFORMATION_FORMAT = "dwarf-with-dsym";
				ENABLE_NS_ASSERTIONS = NO;
				ENABLE_STRICT_OBJC_MSGSEND = YES;
				GCC_C_LANGUAGE_STANDARD = gnu11;
				GCC_NO_COMMON_BLOCKS = YES;
				GCC_WARN_64_TO_32_BIT_CONVERSION = YES;
				GCC_WARN_ABOUT_RETURN_TYPE = YES_ERROR;
				GCC_WARN_UNDECLARED_SELECTOR = YES;
				GCC_WARN_UNINITIALIZED_AUTOS = YES_AGGRESSIVE;
				GCC_WARN_UNUSED_FUNCTION = YES;
				GCC_WARN_UNUSED_VARIABLE = YES;
				IPHONEOS_DEPLOYMENT_TARGET = 16.4;
				MTL_ENABLE_DEBUG_INFO = NO;
				MTL_FAST_MATH = YES;
				SDKROOT = iphoneos;
				SWIFT_COMPILATION_MODE = wholemodule;
				SWIFT_OPTIMIZATION_LEVEL = "-O";
				VALIDATE_PRODUCT = YES;
			};
			name = Release;
		};
		D8BCEA6A2A401C9300EAF04B /* Debug */ = {
			isa = XCBuildConfiguration;
			baseConfigurationReference = 457E4E8F18C1990A681BC37A /* Pods-Framily.debug.xcconfig */;
			buildSettings = {
				ASSETCATALOG_COMPILER_APPICON_NAME = AppIcon;
				ASSETCATALOG_COMPILER_GLOBAL_ACCENT_COLOR_NAME = AccentColor;
				CODE_SIGN_STYLE = Automatic;
				CURRENT_PROJECT_VERSION = 1;
				DEVELOPMENT_TEAM = GTUD59FHKK;
				GENERATE_INFOPLIST_FILE = YES;
				INFOPLIST_FILE = Framily/Info.plist;
				INFOPLIST_KEY_NSCameraUsageDescription = "Access to the camera is required to capture images for text recognition.";
				INFOPLIST_KEY_NSLocationAlwaysAndWhenInUseUsageDescription = allow;
				INFOPLIST_KEY_NSLocationWhenInUseUsageDescription = allow;
				INFOPLIST_KEY_NSPhotoLibraryUsageDescription = "Access to the photo library is required to select images for text recognition.";
				INFOPLIST_KEY_UIApplicationSupportsIndirectInputEvents = YES;
				INFOPLIST_KEY_UILaunchStoryboardName = LaunchScreen;
				INFOPLIST_KEY_UIMainStoryboardFile = Main;
				INFOPLIST_KEY_UISupportedInterfaceOrientations_iPad = "UIInterfaceOrientationPortrait UIInterfaceOrientationPortraitUpsideDown UIInterfaceOrientationLandscapeLeft UIInterfaceOrientationLandscapeRight";
				INFOPLIST_KEY_UISupportedInterfaceOrientations_iPhone = "UIInterfaceOrientationPortrait UIInterfaceOrientationLandscapeLeft UIInterfaceOrientationLandscapeRight";
				IPHONEOS_DEPLOYMENT_TARGET = 13.0;
				LD_RUNPATH_SEARCH_PATHS = (
					"$(inherited)",
					"@executable_path/Frameworks",
				);
				MARKETING_VERSION = 1.0;
				PRODUCT_BUNDLE_IDENTIFIER = com.wtilth.Framily11;
				PRODUCT_NAME = "$(TARGET_NAME)";
				SUPPORTED_PLATFORMS = "iphoneos iphonesimulator";
				SUPPORTS_MACCATALYST = NO;
				SUPPORTS_MAC_DESIGNED_FOR_IPHONE_IPAD = NO;
				SWIFT_EMIT_LOC_STRINGS = YES;
				SWIFT_VERSION = 5.0;
				TARGETED_DEVICE_FAMILY = 1;
			};
			name = Debug;
		};
		D8BCEA6B2A401C9300EAF04B /* Release */ = {
			isa = XCBuildConfiguration;
			baseConfigurationReference = A576941FB136B14E59E9A788 /* Pods-Framily.release.xcconfig */;
			buildSettings = {
				ASSETCATALOG_COMPILER_APPICON_NAME = AppIcon;
				ASSETCATALOG_COMPILER_GLOBAL_ACCENT_COLOR_NAME = AccentColor;
				CODE_SIGN_STYLE = Automatic;
				CURRENT_PROJECT_VERSION = 1;
				DEVELOPMENT_TEAM = GTUD59FHKK;
				GENERATE_INFOPLIST_FILE = YES;
				INFOPLIST_FILE = Framily/Info.plist;
				INFOPLIST_KEY_NSCameraUsageDescription = "Access to the camera is required to capture images for text recognition.";
				INFOPLIST_KEY_NSLocationAlwaysAndWhenInUseUsageDescription = allow;
				INFOPLIST_KEY_NSLocationWhenInUseUsageDescription = allow;
				INFOPLIST_KEY_NSPhotoLibraryUsageDescription = "Access to the photo library is required to select images for text recognition.";
				INFOPLIST_KEY_UIApplicationSupportsIndirectInputEvents = YES;
				INFOPLIST_KEY_UILaunchStoryboardName = LaunchScreen;
				INFOPLIST_KEY_UIMainStoryboardFile = Main;
				INFOPLIST_KEY_UISupportedInterfaceOrientations_iPad = "UIInterfaceOrientationPortrait UIInterfaceOrientationPortraitUpsideDown UIInterfaceOrientationLandscapeLeft UIInterfaceOrientationLandscapeRight";
				INFOPLIST_KEY_UISupportedInterfaceOrientations_iPhone = "UIInterfaceOrientationPortrait UIInterfaceOrientationLandscapeLeft UIInterfaceOrientationLandscapeRight";
				IPHONEOS_DEPLOYMENT_TARGET = 13.0;
				LD_RUNPATH_SEARCH_PATHS = (
					"$(inherited)",
					"@executable_path/Frameworks",
				);
				MARKETING_VERSION = 1.0;
				PRODUCT_BUNDLE_IDENTIFIER = com.wtilth.Framily11;
				PRODUCT_NAME = "$(TARGET_NAME)";
				SUPPORTED_PLATFORMS = "iphoneos iphonesimulator";
				SUPPORTS_MACCATALYST = NO;
				SUPPORTS_MAC_DESIGNED_FOR_IPHONE_IPAD = NO;
				SWIFT_EMIT_LOC_STRINGS = YES;
				SWIFT_VERSION = 5.0;
				TARGETED_DEVICE_FAMILY = 1;
			};
			name = Release;
		};
		D8BCEA6D2A401C9300EAF04B /* Debug */ = {
			isa = XCBuildConfiguration;
			baseConfigurationReference = 6846251BEEC6EB62669691B3 /* Pods-FramilyTests.debug.xcconfig */;
			buildSettings = {
				ALWAYS_EMBED_SWIFT_STANDARD_LIBRARIES = YES;
				BUNDLE_LOADER = "$(TEST_HOST)";
				CODE_SIGN_STYLE = Automatic;
				CURRENT_PROJECT_VERSION = 1;
				GENERATE_INFOPLIST_FILE = YES;
				IPHONEOS_DEPLOYMENT_TARGET = 16.4;
				MARKETING_VERSION = 1.0;
				PRODUCT_BUNDLE_IDENTIFIER = com.wtilth.FramilyTests;
				PRODUCT_NAME = "$(TARGET_NAME)";
				SWIFT_EMIT_LOC_STRINGS = NO;
				SWIFT_VERSION = 5.0;
				TARGETED_DEVICE_FAMILY = "1,2";
				TEST_HOST = "$(BUILT_PRODUCTS_DIR)/Framily.app/$(BUNDLE_EXECUTABLE_FOLDER_PATH)/Framily";
			};
			name = Debug;
		};
		D8BCEA6E2A401C9300EAF04B /* Release */ = {
			isa = XCBuildConfiguration;
			baseConfigurationReference = F74347344A4D2F5F36AE8823 /* Pods-FramilyTests.release.xcconfig */;
			buildSettings = {
				ALWAYS_EMBED_SWIFT_STANDARD_LIBRARIES = YES;
				BUNDLE_LOADER = "$(TEST_HOST)";
				CODE_SIGN_STYLE = Automatic;
				CURRENT_PROJECT_VERSION = 1;
				GENERATE_INFOPLIST_FILE = YES;
				IPHONEOS_DEPLOYMENT_TARGET = 16.4;
				MARKETING_VERSION = 1.0;
				PRODUCT_BUNDLE_IDENTIFIER = com.wtilth.FramilyTests;
				PRODUCT_NAME = "$(TARGET_NAME)";
				SWIFT_EMIT_LOC_STRINGS = NO;
				SWIFT_VERSION = 5.0;
				TARGETED_DEVICE_FAMILY = "1,2";
				TEST_HOST = "$(BUILT_PRODUCTS_DIR)/Framily.app/$(BUNDLE_EXECUTABLE_FOLDER_PATH)/Framily";
			};
			name = Release;
		};
		D8BCEA702A401C9300EAF04B /* Debug */ = {
			isa = XCBuildConfiguration;
			baseConfigurationReference = 29428D60991C917ADB57E46F /* Pods-Framily-FramilyUITests.debug.xcconfig */;
			buildSettings = {
				ALWAYS_EMBED_SWIFT_STANDARD_LIBRARIES = YES;
				CODE_SIGN_STYLE = Automatic;
				CURRENT_PROJECT_VERSION = 1;
				GENERATE_INFOPLIST_FILE = YES;
				MARKETING_VERSION = 1.0;
				PRODUCT_BUNDLE_IDENTIFIER = com.wtilth.FramilyUITests;
				PRODUCT_NAME = "$(TARGET_NAME)";
				SWIFT_EMIT_LOC_STRINGS = NO;
				SWIFT_VERSION = 5.0;
				TARGETED_DEVICE_FAMILY = "1,2";
				TEST_TARGET_NAME = Framily;
			};
			name = Debug;
		};
		D8BCEA712A401C9300EAF04B /* Release */ = {
			isa = XCBuildConfiguration;
			baseConfigurationReference = 6E150DF4E04B680034D6E2DE /* Pods-Framily-FramilyUITests.release.xcconfig */;
			buildSettings = {
				ALWAYS_EMBED_SWIFT_STANDARD_LIBRARIES = YES;
				CODE_SIGN_STYLE = Automatic;
				CURRENT_PROJECT_VERSION = 1;
				GENERATE_INFOPLIST_FILE = YES;
				MARKETING_VERSION = 1.0;
				PRODUCT_BUNDLE_IDENTIFIER = com.wtilth.FramilyUITests;
				PRODUCT_NAME = "$(TARGET_NAME)";
				SWIFT_EMIT_LOC_STRINGS = NO;
				SWIFT_VERSION = 5.0;
				TARGETED_DEVICE_FAMILY = "1,2";
				TEST_TARGET_NAME = Framily;
			};
			name = Release;
		};
/* End XCBuildConfiguration section */

/* Begin XCConfigurationList section */
		D8BCEA372A401C9100EAF04B /* Build configuration list for PBXProject "Framily" */ = {
			isa = XCConfigurationList;
			buildConfigurations = (
				D8BCEA672A401C9300EAF04B /* Debug */,
				D8BCEA682A401C9300EAF04B /* Release */,
			);
			defaultConfigurationIsVisible = 0;
			defaultConfigurationName = Release;
		};
		D8BCEA692A401C9300EAF04B /* Build configuration list for PBXNativeTarget "Framily" */ = {
			isa = XCConfigurationList;
			buildConfigurations = (
				D8BCEA6A2A401C9300EAF04B /* Debug */,
				D8BCEA6B2A401C9300EAF04B /* Release */,
			);
			defaultConfigurationIsVisible = 0;
			defaultConfigurationName = Release;
		};
		D8BCEA6C2A401C9300EAF04B /* Build configuration list for PBXNativeTarget "FramilyTests" */ = {
			isa = XCConfigurationList;
			buildConfigurations = (
				D8BCEA6D2A401C9300EAF04B /* Debug */,
				D8BCEA6E2A401C9300EAF04B /* Release */,
			);
			defaultConfigurationIsVisible = 0;
			defaultConfigurationName = Release;
		};
		D8BCEA6F2A401C9300EAF04B /* Build configuration list for PBXNativeTarget "FramilyUITests" */ = {
			isa = XCConfigurationList;
			buildConfigurations = (
				D8BCEA702A401C9300EAF04B /* Debug */,
				D8BCEA712A401C9300EAF04B /* Release */,
			);
			defaultConfigurationIsVisible = 0;
			defaultConfigurationName = Release;
		};
/* End XCConfigurationList section */

/* Begin XCVersionGroup section */
		4AB036722A4C36E00086A1B8 /* User.xcdatamodeld */ = {
			isa = XCVersionGroup;
			children = (
				4AB036732A4C36E00086A1B8 /* User.xcdatamodel */,
			);
			currentVersion = 4AB036732A4C36E00086A1B8 /* User.xcdatamodel */;
			path = User.xcdatamodeld;
			sourceTree = "<group>";
			versionGroupType = wrapper.xcdatamodel;
		};
		D8BCEA482A401C9200EAF04B /* Framily.xcdatamodeld */ = {
			isa = XCVersionGroup;
			children = (
				D8BCEA492A401C9200EAF04B /* Framily.xcdatamodel */,
			);
			currentVersion = D8BCEA492A401C9200EAF04B /* Framily.xcdatamodel */;
			path = Framily.xcdatamodeld;
			sourceTree = "<group>";
			versionGroupType = wrapper.xcdatamodel;
		};
/* End XCVersionGroup section */
	};
	rootObject = D8BCEA342A401C9100EAF04B /* Project object */;
}
